{
  "requires": true,
  "lockfileVersion": 1,
  "dependencies": {
    "hmos-neumorphism": {
      "version": "1.0.9",
      "resolved": "https://registry.npmjs.org/hmos-neumorphism/-/hmos-neumorphism-1.0.9.tgz",
      "integrity": "sha512-oAl2Z/paSedIHCLPYi4cHq+GsDll0PrDkvwVbT+5rJ91lNDl1duy5elh3xcgxe7gH9AVd+sdb/dpXRL7xZWe2w=="
    }
  }
}
